
Microsoft Visual Studio Solution File, Format Version 12.00
# Visual Studio Version 16
VisualStudioVersion = 16.0.29926.136
MinimumVisualStudioVersion = 10.0.40219.1
Project("{FAE04EC0-301F-11D3-BF4B-00C04F79EFBC}") = "ParsingXML", "ParsingXML\ParsingXML.csproj", "{DF57AAF2-D887-4A3B-BF1E-C201C09F0F80}"
EndProject
Project("{FAE04EC0-301F-11D3-BF4B-00C04F79EFBC}") = "GenerateXML", "GenerateXML\GenerateXML.csproj", "{464CC089-7390-495D-A4E0-C16B55B6E041}"
EndProject
Global
	GlobalSection(SolutionConfigurationPlatforms) = preSolution
		Debug|Any CPU = Debug|Any CPU
		Debug|x86 = Debug|x86
		Release|Any CPU = Release|Any CPU
		Release|x86 = Release|x86
	EndGlobalSection
	GlobalSection(ProjectConfigurationPlatforms) = postSolution
		{DF57AAF2-D887-4A3B-BF1E-C201C09F0F80}.Debug|Any CPU.ActiveCfg = Debug|x86
		{DF57AAF2-D887-4A3B-BF1E-C201C09F0F80}.Debug|x86.ActiveCfg = Debug|x86
		{DF57AAF2-D887-4A3B-BF1E-C201C09F0F80}.Debug|x86.Build.0 = Debug|x86
		{DF57AAF2-D887-4A3B-BF1E-C201C09F0F80}.Release|Any CPU.ActiveCfg = Release|x86
		{DF57AAF2-D887-4A3B-BF1E-C201C09F0F80}.Release|x86.ActiveCfg = Release|x86
		{DF57AAF2-D887-4A3B-BF1E-C201C09F0F80}.Release|x86.Build.0 = Release|x86
		{464CC089-7390-495D-A4E0-C16B55B6E041}.Debug|Any CPU.ActiveCfg = Debug|Any CPU
		{464CC089-7390-495D-A4E0-C16B55B6E041}.Debug|Any CPU.Build.0 = Debug|Any CPU
		{464CC089-7390-495D-A4E0-C16B55B6E041}.Debug|x86.ActiveCfg = Debug|Any CPU
		{464CC089-7390-495D-A4E0-C16B55B6E041}.Debug|x86.Build.0 = Debug|Any CPU
		{464CC089-7390-495D-A4E0-C16B55B6E041}.Release|Any CPU.ActiveCfg = Release|Any CPU
		{464CC089-7390-495D-A4E0-C16B55B6E041}.Release|Any CPU.Build.0 = Release|Any CPU
		{464CC089-7390-495D-A4E0-C16B55B6E041}.Release|x86.ActiveCfg = Release|Any CPU
		{464CC089-7390-495D-A4E0-C16B55B6E041}.Release|x86.Build.0 = Release|Any CPU
	EndGlobalSection
	GlobalSection(SolutionProperties) = preSolution
		HideSolutionNode = FALSE
	EndGlobalSection
	GlobalSection(ExtensibilityGlobals) = postSolution
		SolutionGuid = {543C9BB1-7B2A-49AD-852B-7D9F8DA51A52}
	EndGlobalSection
EndGlobal
